
Microsoft Visual Studio Solution File, Format Version 12.00
# Visual Studio Version 17
VisualStudioVersion = 17.11.35208.52
MinimumVisualStudioVersion = 10.0.40219.1
Project("{FAE04EC0-301F-11D3-BF4B-00C04F79EFBC}") = "Lab11", "Lab11\Lab11.csproj", "{350CB80D-CE7C-4DA3-AAE5-6835AD2D06FE}"
EndProject
Global
	GlobalSection(SolutionConfigurationPlatforms) = preSolution
		Debug|Any CPU = Debug|Any CPU
		Release|Any CPU = Release|Any CPU
	EndGlobalSection
	GlobalSection(ProjectConfigurationPlatforms) = postSolution
		{350CB80D-CE7C-4DA3-AAE5-6835AD2D06FE}.Debug|Any CPU.ActiveCfg = Debug|Any CPU
		{350CB80D-CE7C-4DA3-AAE5-6835AD2D06FE}.Debug|Any CPU.Build.0 = Debug|Any CPU
		{350CB80D-CE7C-4DA3-AAE5-6835AD2D06FE}.Release|Any CPU.ActiveCfg = Release|Any CPU
		{350CB80D-CE7C-4DA3-AAE5-6835AD2D06FE}.Release|Any CPU.Build.0 = Release|Any CPU
	EndGlobalSection
	GlobalSection(SolutionProperties) = preSolution
		HideSolutionNode = FALSE
	EndGlobalSection
	GlobalSection(ExtensibilityGlobals) = postSolution
		SolutionGuid = {05720105-CE3B-48D4-BCF7-E6D74C82E36D}
	EndGlobalSection
EndGlobal
