
Microsoft Visual Studio Solution File, Format Version 12.00
# Visual Studio Version 17
VisualStudioVersion = 17.11.35208.52
MinimumVisualStudioVersion = 10.0.40219.1
Project("{FAE04EC0-301F-11D3-BF4B-00C04F79EFBC}") = "Lab8", "Lab8\Lab8.csproj", "{71F2DF7D-9177-4CCC-AB7F-4EC69C0DB87C}"
EndProject
Global
	GlobalSection(SolutionConfigurationPlatforms) = preSolution
		Debug|Any CPU = Debug|Any CPU
		Release|Any CPU = Release|Any CPU
	EndGlobalSection
	GlobalSection(ProjectConfigurationPlatforms) = postSolution
		{71F2DF7D-9177-4CCC-AB7F-4EC69C0DB87C}.Debug|Any CPU.ActiveCfg = Debug|Any CPU
		{71F2DF7D-9177-4CCC-AB7F-4EC69C0DB87C}.Debug|Any CPU.Build.0 = Debug|Any CPU
		{71F2DF7D-9177-4CCC-AB7F-4EC69C0DB87C}.Release|Any CPU.ActiveCfg = Release|Any CPU
		{71F2DF7D-9177-4CCC-AB7F-4EC69C0DB87C}.Release|Any CPU.Build.0 = Release|Any CPU
	EndGlobalSection
	GlobalSection(SolutionProperties) = preSolution
		HideSolutionNode = FALSE
	EndGlobalSection
	GlobalSection(ExtensibilityGlobals) = postSolution
		SolutionGuid = {EF53F7CA-4C2D-433D-B6B7-0162E72A93C0}
	EndGlobalSection
EndGlobal
