
Microsoft Visual Studio Solution File, Format Version 12.00
# Visual Studio Version 17
VisualStudioVersion = 17.11.35208.52
MinimumVisualStudioVersion = 10.0.40219.1
Project("{FAE04EC0-301F-11D3-BF4B-00C04F79EFBC}") = "Lab3_14", "Lab3_14\Lab3_14.csproj", "{C774E84F-CEAE-495C-BA8C-2599F1FFBC02}"
EndProject
Global
	GlobalSection(SolutionConfigurationPlatforms) = preSolution
		Debug|Any CPU = Debug|Any CPU
		Release|Any CPU = Release|Any CPU
	EndGlobalSection
	GlobalSection(ProjectConfigurationPlatforms) = postSolution
		{C774E84F-CEAE-495C-BA8C-2599F1FFBC02}.Debug|Any CPU.ActiveCfg = Debug|Any CPU
		{C774E84F-CEAE-495C-BA8C-2599F1FFBC02}.Debug|Any CPU.Build.0 = Debug|Any CPU
		{C774E84F-CEAE-495C-BA8C-2599F1FFBC02}.Release|Any CPU.ActiveCfg = Release|Any CPU
		{C774E84F-CEAE-495C-BA8C-2599F1FFBC02}.Release|Any CPU.Build.0 = Release|Any CPU
	EndGlobalSection
	GlobalSection(SolutionProperties) = preSolution
		HideSolutionNode = FALSE
	EndGlobalSection
	GlobalSection(ExtensibilityGlobals) = postSolution
		SolutionGuid = {0531F01C-9441-4748-BB15-C76BF976916D}
	EndGlobalSection
EndGlobal
