
Microsoft Visual Studio Solution File, Format Version 12.00
# Visual Studio Version 17
VisualStudioVersion = 17.11.35208.52
MinimumVisualStudioVersion = 10.0.40219.1
Project("{FAE04EC0-301F-11D3-BF4B-00C04F79EFBC}") = "Lab15", "Lab15\Lab15.csproj", "{490874B7-B0F2-4531-B09D-59F6483DBA71}"
EndProject
Global
	GlobalSection(SolutionConfigurationPlatforms) = preSolution
		Debug|Any CPU = Debug|Any CPU
		Release|Any CPU = Release|Any CPU
	EndGlobalSection
	GlobalSection(ProjectConfigurationPlatforms) = postSolution
		{490874B7-B0F2-4531-B09D-59F6483DBA71}.Debug|Any CPU.ActiveCfg = Debug|Any CPU
		{490874B7-B0F2-4531-B09D-59F6483DBA71}.Debug|Any CPU.Build.0 = Debug|Any CPU
		{490874B7-B0F2-4531-B09D-59F6483DBA71}.Release|Any CPU.ActiveCfg = Release|Any CPU
		{490874B7-B0F2-4531-B09D-59F6483DBA71}.Release|Any CPU.Build.0 = Release|Any CPU
	EndGlobalSection
	GlobalSection(SolutionProperties) = preSolution
		HideSolutionNode = FALSE
	EndGlobalSection
	GlobalSection(ExtensibilityGlobals) = postSolution
		SolutionGuid = {85DB3D74-C06A-45B5-83EB-3ABD3BC15F35}
	EndGlobalSection
EndGlobal
